// !$*UTF8*$!
{
	archiveVersion = 1;
	classes = {
	};
	objectVersion = 50;
	objects = {

/* Begin PBXBuildFile section */
		180BD17B2610A9C4008F7412 /* AppDelegate.swift in Sources */ = {isa = PBXBuildFile; fileRef = 180BD17A2610A9C4008F7412 /* AppDelegate.swift */; };
		180BD17D2610A9C4008F7412 /* SceneDelegate.swift in Sources */ = {isa = PBXBuildFile; fileRef = 180BD17C2610A9C4008F7412 /* SceneDelegate.swift */; };
		180BD17F2610A9C4008F7412 /* MainViewController.swift in Sources */ = {isa = PBXBuildFile; fileRef = 180BD17E2610A9C4008F7412 /* MainViewController.swift */; };
		180BD1822610A9C4008F7412 /* Main.storyboard in Resources */ = {isa = PBXBuildFile; fileRef = 180BD1802610A9C4008F7412 /* Main.storyboard */; };
		180BD1842610A9C7008F7412 /* Assets.xcassets in Resources */ = {isa = PBXBuildFile; fileRef = 180BD1832610A9C7008F7412 /* Assets.xcassets */; };
		180BD1872610A9C7008F7412 /* LaunchScreen.storyboard in Resources */ = {isa = PBXBuildFile; fileRef = 180BD1852610A9C7008F7412 /* LaunchScreen.storyboard */; };
		180BD1902610A9EF008F7412 /* MainViewModel.swift in Sources */ = {isa = PBXBuildFile; fileRef = 180BD18F2610A9EF008F7412 /* MainViewModel.swift */; };
		183437FA2610ACB90032D548 /* PhotoCollectionViewCell.swift in Sources */ = {isa = PBXBuildFile; fileRef = 183437F92610ACB90032D548 /* PhotoCollectionViewCell.swift */; };
		183437FD2610DC400032D548 /* PhotoImageView.swift in Sources */ = {isa = PBXBuildFile; fileRef = 183437FC2610DC400032D548 /* PhotoImageView.swift */; };
/* End PBXBuildFile section */

/* Begin PBXFileReference section */
		180BD1772610A9C4008F7412 /* PhotosApplication.app */ = {isa = PBXFileReference; explicitFileType = wrapper.application; includeInIndex = 0; path = PhotosApplication.app; sourceTree = BUILT_PRODUCTS_DIR; };
		180BD17A2610A9C4008F7412 /* AppDelegate.swift */ = {isa = PBXFileReference; lastKnownFileType = sourcecode.swift; path = AppDelegate.swift; sourceTree = "<group>"; };
		180BD17C2610A9C4008F7412 /* SceneDelegate.swift */ = {isa = PBXFileReference; lastKnownFileType = sourcecode.swift; path = SceneDelegate.swift; sourceTree = "<group>"; };
		180BD17E2610A9C4008F7412 /* MainViewController.swift */ = {isa = PBXFileReference; lastKnownFileType = sourcecode.swift; path = MainViewController.swift; sourceTree = "<group>"; };
		180BD1812610A9C4008F7412 /* Base */ = {isa = PBXFileReference; lastKnownFileType = file.storyboard; name = Base; path = Base.lproj/Main.storyboard; sourceTree = "<group>"; };
		180BD1832610A9C7008F7412 /* Assets.xcassets */ = {isa = PBXFileReference; lastKnownFileType = folder.assetcatalog; path = Assets.xcassets; sourceTree = "<group>"; };
		180BD1862610A9C7008F7412 /* Base */ = {isa = PBXFileReference; lastKnownFileType = file.storyboard; name = Base; path = Base.lproj/LaunchScreen.storyboard; sourceTree = "<group>"; };
		180BD1882610A9C7008F7412 /* Info.plist */ = {isa = PBXFileReference; lastKnownFileType = text.plist.xml; path = Info.plist; sourceTree = "<group>"; };
		180BD18F2610A9EF008F7412 /* MainViewModel.swift */ = {isa = PBXFileReference; lastKnownFileType = sourcecode.swift; path = MainViewModel.swift; sourceTree = "<group>"; };
		183437F92610ACB90032D548 /* PhotoCollectionViewCell.swift */ = {isa = PBXFileReference; lastKnownFileType = sourcecode.swift; path = PhotoCollectionViewCell.swift; sourceTree = "<group>"; };
		183437FC2610DC400032D548 /* PhotoImageView.swift */ = {isa = PBXFileReference; lastKnownFileType = sourcecode.swift; path = PhotoImageView.swift; sourceTree = "<group>"; };
/* End PBXFileReference section */

/* Begin PBXFrameworksBuildPhase section */
		180BD1742610A9C4008F7412 /* Frameworks */ = {
			isa = PBXFrameworksBuildPhase;
			buildActionMask = 2147483647;
			files = (
			);
			runOnlyForDeploymentPostprocessing = 0;
		};
/* End PBXFrameworksBuildPhase section */

/* Begin PBXGroup section */
		180BD16E2610A9C4008F7412 = {
			isa = PBXGroup;
			children = (
				180BD1792610A9C4008F7412 /* PhotosApplication */,
				180BD1782610A9C4008F7412 /* Products */,
			);
			sourceTree = "<group>";
		};
		180BD1782610A9C4008F7412 /* Products */ = {
			isa = PBXGroup;
			children = (
				180BD1772610A9C4008F7412 /* PhotosApplication.app */,
			);
			name = Products;
			sourceTree = "<group>";
		};
		180BD1792610A9C4008F7412 /* PhotosApplication */ = {
			isa = PBXGroup;
			children = (
				180BD17A2610A9C4008F7412 /* AppDelegate.swift */,
				180BD17C2610A9C4008F7412 /* SceneDelegate.swift */,
				180BD17E2610A9C4008F7412 /* MainViewController.swift */,
				183437F92610ACB90032D548 /* PhotoCollectionViewCell.swift */,
				183437FC2610DC400032D548 /* PhotoImageView.swift */,
				180BD18F2610A9EF008F7412 /* MainViewModel.swift */,
				180BD1802610A9C4008F7412 /* Main.storyboard */,
				180BD1832610A9C7008F7412 /* Assets.xcassets */,
				180BD1852610A9C7008F7412 /* LaunchScreen.storyboard */,
				180BD1882610A9C7008F7412 /* Info.plist */,
			);
			path = PhotosApplication;
			sourceTree = "<group>";
		};
/* End PBXGroup section */

/* Begin PBXNativeTarget section */
		180BD1762610A9C4008F7412 /* PhotosApplication */ = {
			isa = PBXNativeTarget;
			buildConfigurationList = 180BD18B2610A9C7008F7412 /* Build configuration list for PBXNativeTarget "PhotosApplication" */;
			buildPhases = (
				180BD1732610A9C4008F7412 /* Sources */,
				180BD1742610A9C4008F7412 /* Frameworks */,
				180BD1752610A9C4008F7412 /* Resources */,
			);
			buildRules = (
			);
			dependencies = (
			);
			name = PhotosApplication;
			productName = PhotosApplication;
			productReference = 180BD1772610A9C4008F7412 /* PhotosApplication.app */;
			productType = "com.apple.product-type.application";
		};
/* End PBXNativeTarget section */

/* Begin PBXProject section */
		180BD16F2610A9C4008F7412 /* Project object */ = {
			isa = PBXProject;
			attributes = {
				LastSwiftUpdateCheck = 1220;
				LastUpgradeCheck = 1220;
				TargetAttributes = {
					180BD1762610A9C4008F7412 = {
						CreatedOnToolsVersion = 12.2;
					};
				};
			};
			buildConfigurationList = 180BD1722610A9C4008F7412 /* Build configuration list for PBXProject "PhotosApplication" */;
			compatibilityVersion = "Xcode 9.3";
			developmentRegion = en;
			hasScannedForEncodings = 0;
			knownRegions = (
				en,
				Base,
			);
			mainGroup = 180BD16E2610A9C4008F7412;
			productRefGroup = 180BD1782610A9C4008F7412 /* Products */;
			projectDirPath = "";
			projectRoot = "";
			targets = (
				180BD1762610A9C4008F7412 /* PhotosApplication */,
			);
		};
/* End PBXProject section */

/* Begin PBXResourcesBuildPhase section */
		180BD1752610A9C4008F7412 /* Resources */ = {
			isa = PBXResourcesBuildPhase;
			buildActionMask = 2147483647;
			files = (
				180BD1872610A9C7008F7412 /* LaunchScreen.storyboard in Resources */,
				180BD1842610A9C7008F7412 /* Assets.xcassets in Resources */,
				180BD1822610A9C4008F7412 /* Main.storyboard in Resources */,
			);
			runOnlyForDeploymentPostprocessing = 0;
		};
/* End PBXResourcesBuildPhase section */

/* Begin PBXSourcesBuildPhase section */
		180BD1732610A9C4008F7412 /* Sources */ = {
			isa = PBXSourcesBuildPhase;
			buildActionMask = 2147483647;
			files = (
				180BD17F2610A9C4008F7412 /* MainViewController.swift in Sources */,
				183437FA2610ACB90032D548 /* PhotoCollectionViewCell.swift in Sources */,
				180BD17B2610A9C4008F7412 /* AppDelegate.swift in Sources */,
				183437FD2610DC400032D548 /* PhotoImageView.swift in Sources */,
				180BD17D2610A9C4008F7412 /* SceneDelegate.swift in Sources */,
				180BD1902610A9EF008F7412 /* MainViewModel.swift in Sources */,
			);
			runOnlyForDeploymentPostprocessing = 0;
		};
/* End PBXSourcesBuildPhase section */

/* Begin PBXVariantGroup section */
		180BD1802610A9C4008F7412 /* Main.storyboard */ = {
			isa = PBXVariantGroup;
			children = (
				180BD1812610A9C4008F7412 /* Base */,
			);
			name = Main.storyboard;
			sourceTree = "<group>";
		};
		180BD1852610A9C7008F7412 /* LaunchScreen.storyboard */ = {
			isa = PBXVariantGroup;
			children = (
				180BD1862610A9C7008F7412 /* Base */,
			);
			name = LaunchScreen.storyboard;
			sourceTree = "<group>";
		};
/* End PBXVariantGroup section */

/* Begin XCBuildConfiguration section */
		180BD1892610A9C7008F7412 /* Debug */ = {
			isa = XCBuildConfiguration;
			buildSettings = {
				ALWAYS_SEARCH_USER_PATHS = NO;
				CLANG_ANALYZER_NONNULL = YES;
				CLANG_ANALYZER_NUMBER_OBJECT_CONVERSION = YES_AGGRESSIVE;
				CLANG_CXX_LANGUAGE_STANDARD = "gnu++14";
				CLANG_CXX_LIBRARY = "libc++";
				CLANG_ENABLE_MODULES = YES;
				CLANG_ENABLE_OBJC_ARC = YES;
				CLANG_ENABLE_OBJC_WEAK = YES;
				CLANG_WARN_BLOCK_CAPTURE_AUTORELEASING = YES;
				CLANG_WARN_BOOL_CONVERSION = YES;
				CLANG_WARN_COMMA = YES;
				CLANG_WARN_CONSTANT_CONVERSION = YES;
				CLANG_WARN_DEPRECATED_OBJC_IMPLEMENTATIONS = YES;
				CLANG_WARN_DIRECT_OBJC_ISA_USAGE = YES_ERROR;
				CLANG_WARN_DOCUMENTATION_COMMENTS = YES;
				CLANG_WARN_EMPTY_BODY = YES;
				CLANG_WARN_ENUM_CONVERSION = YES;
				CLANG_WARN_INFINITE_RECURSION = YES;
				CLANG_WARN_INT_CONVERSION = YES;
				CLANG_WARN_NON_LITERAL_NULL_CONVERSION = YES;
				CLANG_WARN_OBJC_IMPLICIT_RETAIN_SELF = YES;
				CLANG_WARN_OBJC_LITERAL_CONVERSION = YES;
				CLANG_WARN_OBJC_ROOT_CLASS = YES_ERROR;
				CLANG_WARN_QUOTED_INCLUDE_IN_FRAMEWORK_HEADER = YES;
				CLANG_WARN_RANGE_LOOP_ANALYSIS = YES;
				CLANG_WARN_STRICT_PROTOTYPES = YES;
				CLANG_WARN_SUSPICIOUS_MOVE = YES;
				CLANG_WARN_UNGUARDED_AVAILABILITY = YES_AGGRESSIVE;
				CLANG_WARN_UNREACHABLE_CODE = YES;
				CLANG_WARN__DUPLICATE_METHOD_MATCH = YES;
				COPY_PHASE_STRIP = NO;
				DEBUG_INFORMATION_FORMAT = dwarf;
				ENABLE_STRICT_OBJC_MSGSEND = YES;
				ENABLE_TESTABILITY = YES;
				GCC_C_LANGUAGE_STANDARD = gnu11;
				GCC_DYNAMIC_NO_PIC = NO;
				GCC_NO_COMMON_BLOCKS = YES;
				GCC_OPTIMIZATION_LEVEL = 0;
				GCC_PREPROCESSOR_DEFINITIONS = (
					"DEBUG=1",
					"$(inherited)",
				);
				GCC_WARN_64_TO_32_BIT_CONVERSION = YES;
				GCC_WARN_ABOUT_RETURN_TYPE = YES_ERROR;
				GCC_WARN_UNDECLARED_SELECTOR = YES;
				GCC_WARN_UNINITIALIZED_AUTOS = YES_AGGRESSIVE;
				GCC_WARN_UNUSED_FUNCTION = YES;
				GCC_WARN_UNUSED_VARIABLE = YES;
				IPHONEOS_DEPLOYMENT_TARGET = 14.2;
				MTL_ENABLE_DEBUG_INFO = INCLUDE_SOURCE;
				MTL_FAST_MATH = YES;
				ONLY_ACTIVE_ARCH = YES;
				SDKROOT = iphoneos;
				SWIFT_ACTIVE_COMPILATION_CONDITIONS = DEBUG;
				SWIFT_OPTIMIZATION_LEVEL = "-Onone";
			};
			name = Debug;
		};
		180BD18A2610A9C7008F7412 /* Release */ = {
			isa = XCBuildConfiguration;
			buildSettings = {
				ALWAYS_SEARCH_USER_PATHS = NO;
				CLANG_ANALYZER_NONNULL = YES;
				CLANG_ANALYZER_NUMBER_OBJECT_CONVERSION = YES_AGGRESSIVE;
				CLANG_CXX_LANGUAGE_STANDARD = "gnu++14";
				CLANG_CXX_LIBRARY = "libc++";
				CLANG_ENABLE_MODULES = YES;
				CLANG_ENABLE_OBJC_ARC = YES;
				CLANG_ENABLE_OBJC_WEAK = YES;
				CLANG_WARN_BLOCK_CAPTURE_AUTORELEASING = YES;
				CLANG_WARN_BOOL_CONVERSION = YES;
				CLANG_WARN_COMMA = YES;
				CLANG_WARN_CONSTANT_CONVERSION = YES;
				CLANG_WARN_DEPRECATED_OBJC_IMPLEMENTATIONS = YES;
				CLANG_WARN_DIRECT_OBJC_ISA_USAGE = YES_ERROR;
				CLANG_WARN_DOCUMENTATION_COMMENTS = YES;
				CLANG_WARN_EMPTY_BODY = YES;
				CLANG_WARN_ENUM_CONVERSION = YES;
				CLANG_WARN_INFINITE_RECURSION = YES;
				CLANG_WARN_INT_CONVERSION = YES;
				CLANG_WARN_NON_LITERAL_NULL_CONVERSION = YES;
				CLANG_WARN_OBJC_IMPLICIT_RETAIN_SELF = YES;
				CLANG_WARN_OBJC_LITERAL_CONVERSION = YES;
				CLANG_WARN_OBJC_ROOT_CLASS = YES_ERROR;
				CLANG_WARN_QUOTED_INCLUDE_IN_FRAMEWORK_HEADER = YES;
				CLANG_WARN_RANGE_LOOP_ANALYSIS = YES;
				CLANG_WARN_STRICT_PROTOTYPES = YES;
				CLANG_WARN_SUSPICIOUS_MOVE = YES;
				CLANG_WARN_UNGUARDED_AVAILABILITY = YES_AGGRESSIVE;
				CLANG_WARN_UNREACHABLE_CODE = YES;
				CLANG_WARN__DUPLICATE_METHOD_MATCH = YES;
				COPY_PHASE_STRIP = NO;
				DEBUG_INFORMATION_FORMAT = "dwarf-with-dsym";
				ENABLE_NS_ASSERTIONS = NO;
				ENABLE_STRICT_OBJC_MSGSEND = YES;
				GCC_C_LANGUAGE_STANDARD = gnu11;
				GCC_NO_COMMON_BLOCKS = YES;
				GCC_WARN_64_TO_32_BIT_CONVERSION = YES;
				GCC_WARN_ABOUT_RETURN_TYPE = YES_ERROR;
				GCC_WARN_UNDECLARED_SELECTOR = YES;
				GCC_WARN_UNINITIALIZED_AUTOS = YES_AGGRESSIVE;
				GCC_WARN_UNUSED_FUNCTION = YES;
				GCC_WARN_UNUSED_VARIABLE = YES;
				IPHONEOS_DEPLOYMENT_TARGET = 14.2;
				MTL_ENABLE_DEBUG_INFO = NO;
				MTL_FAST_MATH = YES;
				SDKROOT = iphoneos;
				SWIFT_COMPILATION_MODE = wholemodule;
				SWIFT_OPTIMIZATION_LEVEL = "-O";
				VALIDATE_PRODUCT = YES;
			};
			name = Release;
		};
		180BD18C2610A9C7008F7412 /* Debug */ = {
			isa = XCBuildConfiguration;
			buildSettings = {
				ASSETCATALOG_COMPILER_APPICON_NAME = AppIcon;
				ASSETCATALOG_COMPILER_GLOBAL_ACCENT_COLOR_NAME = AccentColor;
				CODE_SIGN_STYLE = Automatic;
				DEVELOPMENT_TEAM = 6HN4W8V8KL;
				INFOPLIST_FILE = PhotosApplication/Info.plist;
				LD_RUNPATH_SEARCH_PATHS = (
					"$(inherited)",
					"@executable_path/Frameworks",
				);
				PRODUCT_BUNDLE_IDENTIFIER = faiz.PhotosApplication;
				PRODUCT_NAME = "$(TARGET_NAME)";
				SWIFT_VERSION = 5.0;
				TARGETED_DEVICE_FAMILY = "1,2";
			};
			name = Debug;
		};
		180BD18D2610A9C7008F7412 /* Release */ = {
			isa = XCBuildConfiguration;
			buildSettings = {
				ASSETCATALOG_COMPILER_APPICON_NAME = AppIcon;
				ASSETCATALOG_COMPILER_GLOBAL_ACCENT_COLOR_NAME = AccentColor;
				CODE_SIGN_STYLE = Automatic;
				DEVELOPMENT_TEAM = 6HN4W8V8KL;
				INFOPLIST_FILE = PhotosApplication/Info.plist;
				LD_RUNPATH_SEARCH_PATHS = (
					"$(inherited)",
					"@executable_path/Frameworks",
				);
				PRODUCT_BUNDLE_IDENTIFIER = faiz.PhotosApplication;
				PRODUCT_NAME = "$(TARGET_NAME)";
				SWIFT_VERSION = 5.0;
				TARGETED_DEVICE_FAMILY = "1,2";
			};
			name = Release;
		};
/* End XCBuildConfiguration section */

/* Begin XCConfigurationList section */
		180BD1722610A9C4008F7412 /* Build configuration list for PBXProject "PhotosApplication" */ = {
			isa = XCConfigurationList;
			buildConfigurations = (
				180BD1892610A9C7008F7412 /* Debug */,
				180BD18A2610A9C7008F7412 /* Release */,
			);
			defaultConfigurationIsVisible = 0;
			defaultConfigurationName = Release;
		};
		180BD18B2610A9C7008F7412 /* Build configuration list for PBXNativeTarget "PhotosApplication" */ = {
			isa = XCConfigurationList;
			buildConfigurations = (
				180BD18C2610A9C7008F7412 /* Debug */,
				180BD18D2610A9C7008F7412 /* Release */,
			);
			defaultConfigurationIsVisible = 0;
			defaultConfigurationName = Release;
		};
/* End XCConfigurationList section */
	};
	rootObject = 180BD16F2610A9C4008F7412 /* Project object */;
}
